{
  "name": "htn-hatch",
  "lockfileVersion": 2,
  "requires": true,
  "packages": {
    "": {
      "dependencies": {
        "@syncfusion/ej2-react-dropdowns": "^20.2.48",
        "react-horizontal-scrolling-menu": "^3.2.0",
        "react-icons": "^4.4.0",
        "react-router-dom": "^6.4.0"
      }
    },
    "node_modules/@remix-run/router": {
      "version": "1.0.0",
      "resolved": "https://registry.npmjs.org/@remix-run/router/-/router-1.0.0.tgz",
      "integrity": "sha512-SCR1cxRSMNKjaVYptCzBApPDqGwa3FGdjVHc+rOToocNPHQdIYLZBfv/3f+KvYuXDkUGVIW9IAzmPNZDRL1I4A==",
      "engines": {
        "node": ">=14"
      }
    },
    "node_modules/@syncfusion/ej2-base": {
      "version": "20.2.48",
      "resolved": "https://registry.npmjs.org/@syncfusion/ej2-base/-/ej2-base-20.2.48.tgz",
      "integrity": "sha512-w0FQTYd4QOMlQCn2VcyjaNBMDRhD4BwNpxaoUnEJJ8x4CCYtD1x64vhMJo7qb4Yxw34xus580cEKnZ5N5hmmdA==",
      "dependencies": {
        "@syncfusion/ej2-icons": "~20.2.45"
      },
      "bin": {
        "syncfusion-license": "bin/syncfusion-license.js"
      }
    },
    "node_modules/@syncfusion/ej2-buttons": {
      "version": "20.2.46",
      "resolved": "https://registry.npmjs.org/@syncfusion/ej2-buttons/-/ej2-buttons-20.2.46.tgz",
      "integrity": "sha512-cd+jb2o+xbOyzNmSIBw0tpRMpmuVg0HNyd0bbi9yqbZsh+Sl0AEUvIcXuNCFUsfZuqpwRiOgk9hN2r8PWzbmOg==",
      "dependencies": {
        "@syncfusion/ej2-base": "~20.2.46"
      }
    },
    "node_modules/@syncfusion/ej2-data": {
      "version": "20.2.45",
      "resolved": "https://registry.npmjs.org/@syncfusion/ej2-data/-/ej2-data-20.2.45.tgz",
      "integrity": "sha512-Oi9oKcJi14k788unERmO4ymWax8JlyPRkyHWeoxPlnxIpTVLGH9XszhVYMDzFfebla+aepABhoIzWFJ9C/22Gg==",
      "dependencies": {
        "@syncfusion/ej2-base": "~20.2.45"
      }
    },
    "node_modules/@syncfusion/ej2-dropdowns": {
      "version": "20.2.48",
      "resolved": "https://registry.npmjs.org/@syncfusion/ej2-dropdowns/-/ej2-dropdowns-20.2.48.tgz",
      "integrity": "sha512-3eotBffVQp4HEGDgoeF4wXZueyMS/Hh2vAjtjO4v/KR2SvDomXbDlQU6Lce0Za4xlMhoAd71dzThyu7BA8qEOg==",
      "dependencies": {
        "@syncfusion/ej2-base": "~20.2.48",
        "@syncfusion/ej2-data": "~20.2.45",
        "@syncfusion/ej2-inputs": "~20.2.48",
        "@syncfusion/ej2-lists": "~20.2.46",
        "@syncfusion/ej2-navigations": "~20.2.48",
        "@syncfusion/ej2-popups": "~20.2.45"
      }
    },
    "node_modules/@syncfusion/ej2-icons": {
      "version": "20.2.45",
      "resolved": "https://registry.npmjs.org/@syncfusion/ej2-icons/-/ej2-icons-20.2.45.tgz",
      "integrity": "sha512-8WFTWbxSRRTz0wn1JC4DXWHvF7NY3Ne8X8AcGzo+a6fjYFLuctV8CAYqdVembb3ABqcab75zuSy+UVoKyLpAQQ=="
    },
    "node_modules/@syncfusion/ej2-inputs": {
      "version": "20.2.48",
      "resolved": "https://registry.npmjs.org/@syncfusion/ej2-inputs/-/ej2-inputs-20.2.48.tgz",
      "integrity": "sha512-DjPqXpbD/xqPhdFrbnAteDE0wIXhGJdjautaWp7IDZnqwcqrzEt58+58I1MLdiHKOtc8ZybkaH17w6uAEtB/KQ==",
      "dependencies": {
        "@syncfusion/ej2-base": "~20.2.48",
        "@syncfusion/ej2-buttons": "~20.2.46",
        "@syncfusion/ej2-popups": "~20.2.45",
        "@syncfusion/ej2-splitbuttons": "~20.2.45"
      }
    },
    "node_modules/@syncfusion/ej2-lists": {
      "version": "20.2.46",
      "resolved": "https://registry.npmjs.org/@syncfusion/ej2-lists/-/ej2-lists-20.2.46.tgz",
      "integrity": "sha512-lSNKhLfOBHIgCabQkpC16CYQHM1SUMvCZmAihqdbfyyq7C1Pg2DYpkk4oTiKUzq/WQruijw7T+WEdw9HeWZCUg==",
      "dependencies": {
        "@syncfusion/ej2-base": "~20.2.46",
        "@syncfusion/ej2-buttons": "~20.2.46",
        "@syncfusion/ej2-data": "~20.2.45"
      }
    },
    "node_modules/@syncfusion/ej2-navigations": {
      "version": "20.2.49",
      "resolved": "https://registry.npmjs.org/@syncfusion/ej2-navigations/-/ej2-navigations-20.2.49.tgz",
      "integrity": "sha512-JvKIO+Ymig9+6+FCiscrTY6I7/YDjnYJYw2YpP0xpqBdY2JZM589tqclyOa8REk77vU6QLBSJfUpUG5UswvEag==",
      "dependencies": {
        "@syncfusion/ej2-base": "~20.2.48",
        "@syncfusion/ej2-buttons": "~20.2.46",
        "@syncfusion/ej2-data": "~20.2.45",
        "@syncfusion/ej2-inputs": "~20.2.48",
        "@syncfusion/ej2-lists": "~20.2.46",
        "@syncfusion/ej2-popups": "~20.2.49"
      }
    },
    "node_modules/@syncfusion/ej2-popups": {
      "version": "20.2.49",
      "resolved": "https://registry.npmjs.org/@syncfusion/ej2-popups/-/ej2-popups-20.2.49.tgz",
      "integrity": "sha512-DeaJC+6b/XRhuGc8Px3EUVTwuCy+j5HyaggsmtOJ9QPbHiqwcs5u7KsXYfGVwszSZRFswqFk+uvSoxBaxC9WtA==",
      "dependencies": {
        "@syncfusion/ej2-base": "~20.2.48",
        "@syncfusion/ej2-buttons": "~20.2.46"
      }
    },
    "node_modules/@syncfusion/ej2-react-base": {
      "version": "20.2.45",
      "resolved": "https://registry.npmjs.org/@syncfusion/ej2-react-base/-/ej2-react-base-20.2.45.tgz",
      "integrity": "sha512-iutsQsULISRMHUTsmaZRfT/LW+CE4E99oJ1oMevJ3fiucf0odzN+dwVUxf88x2V6hWtwxhL0/nmt0uj+3Kiw+Q==",
      "dependencies": {
        "@syncfusion/ej2-base": "~20.2.45"
      }
    },
    "node_modules/@syncfusion/ej2-react-dropdowns": {
      "version": "20.2.48",
      "resolved": "https://registry.npmjs.org/@syncfusion/ej2-react-dropdowns/-/ej2-react-dropdowns-20.2.48.tgz",
      "integrity": "sha512-FCIYvria/HEPK7QFO1QqP/65P3OuSxTdQnQxBLcRjfzDfKUeTvgwL1DscGpV2RFOpuPII3eBS37Yye/6smvI8w==",
      "dependencies": {
        "@syncfusion/ej2-base": "~20.2.48",
        "@syncfusion/ej2-dropdowns": "20.2.48",
        "@syncfusion/ej2-react-base": "~20.2.45"
      }
    },
    "node_modules/@syncfusion/ej2-splitbuttons": {
      "version": "20.2.45",
      "resolved": "https://registry.npmjs.org/@syncfusion/ej2-splitbuttons/-/ej2-splitbuttons-20.2.45.tgz",
      "integrity": "sha512-i91cQ9kA8u61lJClMuxMZ0MjbutaobIQnK9fOb15/oLaag4tfyl21aCGomJ4VDa50RA3939kMpiE+PeSuwOQgQ==",
      "dependencies": {
        "@syncfusion/ej2-base": "~20.2.45",
        "@syncfusion/ej2-popups": "~20.2.45"
      }
    },
    "node_modules/compute-scroll-into-view": {
      "version": "1.0.17",
      "resolved": "https://registry.npmjs.org/compute-scroll-into-view/-/compute-scroll-into-view-1.0.17.tgz",
      "integrity": "sha512-j4dx+Fb0URmzbwwMUrhqWM2BEWHdFGx+qZ9qqASHRPqvTYdqvWnHg0H1hIbcyLnvgnoNAVMlwkepyqM3DaIFUg=="
    },
    "node_modules/js-tokens": {
      "version": "4.0.0",
      "resolved": "https://registry.npmjs.org/js-tokens/-/js-tokens-4.0.0.tgz",
      "integrity": "sha512-RdJUflcE3cUzKiMqQgsCu06FPu9UdIJO0beYbPhHN4k6apgJtifcoCtT9bcxOpYBtpD2kCM6Sbzg4CausW/PKQ==",
      "peer": true
    },
    "node_modules/loose-envify": {
      "version": "1.4.0",
      "resolved": "https://registry.npmjs.org/loose-envify/-/loose-envify-1.4.0.tgz",
      "integrity": "sha512-lyuxPGr/Wfhrlem2CL/UcnUc1zcqKAImBDzukY7Y5F/yQiNdko6+fRLevlw1HgMySw7f611UIY408EtxRSoK3Q==",
      "peer": true,
      "dependencies": {
        "js-tokens": "^3.0.0 || ^4.0.0"
      },
      "bin": {
        "loose-envify": "cli.js"
      }
    },
    "node_modules/react": {
      "version": "18.2.0",
      "resolved": "https://registry.npmjs.org/react/-/react-18.2.0.tgz",
      "integrity": "sha512-/3IjMdb2L9QbBdWiW5e3P2/npwMBaU9mHCSCUzNln0ZCYbcfTsGbTJrU/kGemdH2IWmB2ioZ+zkxtmq6g09fGQ==",
      "peer": true,
      "dependencies": {
        "loose-envify": "^1.1.0"
      },
      "engines": {
        "node": ">=0.10.0"
      }
    },
    "node_modules/react-dom": {
      "version": "18.2.0",
      "resolved": "https://registry.npmjs.org/react-dom/-/react-dom-18.2.0.tgz",
      "integrity": "sha512-6IMTriUmvsjHUjNtEDudZfuDQUoWXVxKHhlEGSk81n4YFS+r/Kl99wXiwlVXtPBtJenozv2P+hxDsw9eA7Xo6g==",
      "peer": true,
      "dependencies": {
        "loose-envify": "^1.1.0",
        "scheduler": "^0.23.0"
      },
      "peerDependencies": {
        "react": "^18.2.0"
      }
    },
    "node_modules/react-horizontal-scrolling-menu": {
      "version": "3.2.0",
      "resolved": "https://registry.npmjs.org/react-horizontal-scrolling-menu/-/react-horizontal-scrolling-menu-3.2.0.tgz",
      "integrity": "sha512-6kmUPdTDXJKYlhfS5K1tAop6P1LJTSL493cUZBKHjOWsnmg3/KLPI/7Pr3b/LpiNFCUjTAPRl2JOunagGzwOjQ==",
      "dependencies": {
        "smooth-scroll-into-view-if-needed": "^1.1.32"
      },
      "peerDependencies": {
        "react": ">=16.8"
      }
    },
    "node_modules/react-icons": {
      "version": "4.4.0",
      "resolved": "https://registry.npmjs.org/react-icons/-/react-icons-4.4.0.tgz",
      "integrity": "sha512-fSbvHeVYo/B5/L4VhB7sBA1i2tS8MkT0Hb9t2H1AVPkwGfVHLJCqyr2Py9dKMxsyM63Eng1GkdZfbWj+Fmv8Rg==",
      "peerDependencies": {
        "react": "*"
      }
    },
    "node_modules/react-router": {
      "version": "6.4.0",
      "resolved": "https://registry.npmjs.org/react-router/-/react-router-6.4.0.tgz",
      "integrity": "sha512-B+5bEXFlgR1XUdHYR6P94g299SjrfCBMmEDJNcFbpAyRH1j1748yt9NdDhW3++nw1lk3zQJ6aOO66zUx3KlTZg==",
      "dependencies": {
        "@remix-run/router": "1.0.0"
      },
      "engines": {
        "node": ">=14"
      },
      "peerDependencies": {
        "react": ">=16.8"
      }
    },
    "node_modules/react-router-dom": {
      "version": "6.4.0",
      "resolved": "https://registry.npmjs.org/react-router-dom/-/react-router-dom-6.4.0.tgz",
      "integrity": "sha512-4Aw1xmXKeleYYQ3x0Lcl2undHR6yMjXZjd9DKZd53SGOYqirrUThyUb0wwAX5VZAyvSuzjNJmZlJ3rR9+/vzqg==",
      "dependencies": {
        "react-router": "6.4.0"
      },
      "engines": {
        "node": ">=14"
      },
      "peerDependencies": {
        "react": ">=16.8",
        "react-dom": ">=16.8"
      }
    },
    "node_modules/scheduler": {
      "version": "0.23.0",
      "resolved": "https://registry.npmjs.org/scheduler/-/scheduler-0.23.0.tgz",
      "integrity": "sha512-CtuThmgHNg7zIZWAXi3AsyIzA3n4xx7aNyjwC2VJldO2LMVDhFK+63xGqq6CsJH4rTAt6/M+N4GhZiDYPx9eUw==",
      "peer": true,
      "dependencies": {
        "loose-envify": "^1.1.0"
      }
    },
    "node_modules/scroll-into-view-if-needed": {
      "version": "2.2.29",
      "resolved": "https://registry.npmjs.org/scroll-into-view-if-needed/-/scroll-into-view-if-needed-2.2.29.tgz",
      "integrity": "sha512-hxpAR6AN+Gh53AdAimHM6C8oTN1ppwVZITihix+WqalywBeFcQ6LdQP5ABNl26nX8GTEL7VT+b8lKpdqq65wXg==",
      "dependencies": {
        "compute-scroll-into-view": "^1.0.17"
      }
    },
    "node_modules/smooth-scroll-into-view-if-needed": {
      "version": "1.1.33",
      "resolved": "https://registry.npmjs.org/smooth-scroll-into-view-if-needed/-/smooth-scroll-into-view-if-needed-1.1.33.tgz",
      "integrity": "sha512-crS8NfAaoPrtVYOCMSAnO2vHRgUp22NiiDgEQ7YiaAy5xe2jmR19Jm+QdL8+97gO8ENd7PUyQIAQojJyIiyRHw==",
      "dependencies": {
        "scroll-into-view-if-needed": "^2.2.28"
      }
    }
  },
  "dependencies": {
    "@remix-run/router": {
      "version": "1.0.0",
      "resolved": "https://registry.npmjs.org/@remix-run/router/-/router-1.0.0.tgz",
      "integrity": "sha512-SCR1cxRSMNKjaVYptCzBApPDqGwa3FGdjVHc+rOToocNPHQdIYLZBfv/3f+KvYuXDkUGVIW9IAzmPNZDRL1I4A=="
    },
    "@syncfusion/ej2-base": {
      "version": "20.2.48",
      "resolved": "https://registry.npmjs.org/@syncfusion/ej2-base/-/ej2-base-20.2.48.tgz",
      "integrity": "sha512-w0FQTYd4QOMlQCn2VcyjaNBMDRhD4BwNpxaoUnEJJ8x4CCYtD1x64vhMJo7qb4Yxw34xus580cEKnZ5N5hmmdA==",
      "requires": {
        "@syncfusion/ej2-icons": "~20.2.45"
      }
    },
    "@syncfusion/ej2-buttons": {
      "version": "20.2.46",
      "resolved": "https://registry.npmjs.org/@syncfusion/ej2-buttons/-/ej2-buttons-20.2.46.tgz",
      "integrity": "sha512-cd+jb2o+xbOyzNmSIBw0tpRMpmuVg0HNyd0bbi9yqbZsh+Sl0AEUvIcXuNCFUsfZuqpwRiOgk9hN2r8PWzbmOg==",
      "requires": {
        "@syncfusion/ej2-base": "~20.2.46"
      }
    },
    "@syncfusion/ej2-data": {
      "version": "20.2.45",
      "resolved": "https://registry.npmjs.org/@syncfusion/ej2-data/-/ej2-data-20.2.45.tgz",
      "integrity": "sha512-Oi9oKcJi14k788unERmO4ymWax8JlyPRkyHWeoxPlnxIpTVLGH9XszhVYMDzFfebla+aepABhoIzWFJ9C/22Gg==",
      "requires": {
        "@syncfusion/ej2-base": "~20.2.45"
      }
    },
    "@syncfusion/ej2-dropdowns": {
      "version": "20.2.48",
      "resolved": "https://registry.npmjs.org/@syncfusion/ej2-dropdowns/-/ej2-dropdowns-20.2.48.tgz",
      "integrity": "sha512-3eotBffVQp4HEGDgoeF4wXZueyMS/Hh2vAjtjO4v/KR2SvDomXbDlQU6Lce0Za4xlMhoAd71dzThyu7BA8qEOg==",
      "requires": {
        "@syncfusion/ej2-base": "~20.2.48",
        "@syncfusion/ej2-data": "~20.2.45",
        "@syncfusion/ej2-inputs": "~20.2.48",
        "@syncfusion/ej2-lists": "~20.2.46",
        "@syncfusion/ej2-navigations": "~20.2.48",
        "@syncfusion/ej2-popups": "~20.2.45"
      }
    },
    "@syncfusion/ej2-icons": {
      "version": "20.2.45",
      "resolved": "https://registry.npmjs.org/@syncfusion/ej2-icons/-/ej2-icons-20.2.45.tgz",
      "integrity": "sha512-8WFTWbxSRRTz0wn1JC4DXWHvF7NY3Ne8X8AcGzo+a6fjYFLuctV8CAYqdVembb3ABqcab75zuSy+UVoKyLpAQQ=="
    },
    "@syncfusion/ej2-inputs": {
      "version": "20.2.48",
      "resolved": "https://registry.npmjs.org/@syncfusion/ej2-inputs/-/ej2-inputs-20.2.48.tgz",
      "integrity": "sha512-DjPqXpbD/xqPhdFrbnAteDE0wIXhGJdjautaWp7IDZnqwcqrzEt58+58I1MLdiHKOtc8ZybkaH17w6uAEtB/KQ==",
      "requires": {
        "@syncfusion/ej2-base": "~20.2.48",
        "@syncfusion/ej2-buttons": "~20.2.46",
        "@syncfusion/ej2-popups": "~20.2.45",
        "@syncfusion/ej2-splitbuttons": "~20.2.45"
      }
    },
    "@syncfusion/ej2-lists": {
      "version": "20.2.46",
      "resolved": "https://registry.npmjs.org/@syncfusion/ej2-lists/-/ej2-lists-20.2.46.tgz",
      "integrity": "sha512-lSNKhLfOBHIgCabQkpC16CYQHM1SUMvCZmAihqdbfyyq7C1Pg2DYpkk4oTiKUzq/WQruijw7T+WEdw9HeWZCUg==",
      "requires": {
        "@syncfusion/ej2-base": "~20.2.46",
        "@syncfusion/ej2-buttons": "~20.2.46",
        "@syncfusion/ej2-data": "~20.2.45"
      }
    },
    "@syncfusion/ej2-navigations": {
      "version": "20.2.49",
      "resolved": "https://registry.npmjs.org/@syncfusion/ej2-navigations/-/ej2-navigations-20.2.49.tgz",
      "integrity": "sha512-JvKIO+Ymig9+6+FCiscrTY6I7/YDjnYJYw2YpP0xpqBdY2JZM589tqclyOa8REk77vU6QLBSJfUpUG5UswvEag==",
      "requires": {
        "@syncfusion/ej2-base": "~20.2.48",
        "@syncfusion/ej2-buttons": "~20.2.46",
        "@syncfusion/ej2-data": "~20.2.45",
        "@syncfusion/ej2-inputs": "~20.2.48",
        "@syncfusion/ej2-lists": "~20.2.46",
        "@syncfusion/ej2-popups": "~20.2.49"
      }
    },
    "@syncfusion/ej2-popups": {
      "version": "20.2.49",
      "resolved": "https://registry.npmjs.org/@syncfusion/ej2-popups/-/ej2-popups-20.2.49.tgz",
      "integrity": "sha512-DeaJC+6b/XRhuGc8Px3EUVTwuCy+j5HyaggsmtOJ9QPbHiqwcs5u7KsXYfGVwszSZRFswqFk+uvSoxBaxC9WtA==",
      "requires": {
        "@syncfusion/ej2-base": "~20.2.48",
        "@syncfusion/ej2-buttons": "~20.2.46"
      }
    },
    "@syncfusion/ej2-react-base": {
      "version": "20.2.45",
      "resolved": "https://registry.npmjs.org/@syncfusion/ej2-react-base/-/ej2-react-base-20.2.45.tgz",
      "integrity": "sha512-iutsQsULISRMHUTsmaZRfT/LW+CE4E99oJ1oMevJ3fiucf0odzN+dwVUxf88x2V6hWtwxhL0/nmt0uj+3Kiw+Q==",
      "requires": {
        "@syncfusion/ej2-base": "~20.2.45"
      }
    },
    "@syncfusion/ej2-react-dropdowns": {
      "version": "20.2.48",
      "resolved": "https://registry.npmjs.org/@syncfusion/ej2-react-dropdowns/-/ej2-react-dropdowns-20.2.48.tgz",
      "integrity": "sha512-FCIYvria/HEPK7QFO1QqP/65P3OuSxTdQnQxBLcRjfzDfKUeTvgwL1DscGpV2RFOpuPII3eBS37Yye/6smvI8w==",
      "requires": {
        "@syncfusion/ej2-base": "~20.2.48",
        "@syncfusion/ej2-dropdowns": "20.2.48",
        "@syncfusion/ej2-react-base": "~20.2.45"
      }
    },
    "@syncfusion/ej2-splitbuttons": {
      "version": "20.2.45",
      "resolved": "https://registry.npmjs.org/@syncfusion/ej2-splitbuttons/-/ej2-splitbuttons-20.2.45.tgz",
      "integrity": "sha512-i91cQ9kA8u61lJClMuxMZ0MjbutaobIQnK9fOb15/oLaag4tfyl21aCGomJ4VDa50RA3939kMpiE+PeSuwOQgQ==",
      "requires": {
        "@syncfusion/ej2-base": "~20.2.45",
        "@syncfusion/ej2-popups": "~20.2.45"
      }
    },
    "compute-scroll-into-view": {
      "version": "1.0.17",
      "resolved": "https://registry.npmjs.org/compute-scroll-into-view/-/compute-scroll-into-view-1.0.17.tgz",
      "integrity": "sha512-j4dx+Fb0URmzbwwMUrhqWM2BEWHdFGx+qZ9qqASHRPqvTYdqvWnHg0H1hIbcyLnvgnoNAVMlwkepyqM3DaIFUg=="
    },
    "js-tokens": {
      "version": "4.0.0",
      "resolved": "https://registry.npmjs.org/js-tokens/-/js-tokens-4.0.0.tgz",
      "integrity": "sha512-RdJUflcE3cUzKiMqQgsCu06FPu9UdIJO0beYbPhHN4k6apgJtifcoCtT9bcxOpYBtpD2kCM6Sbzg4CausW/PKQ==",
      "peer": true
    },
    "loose-envify": {
      "version": "1.4.0",
      "resolved": "https://registry.npmjs.org/loose-envify/-/loose-envify-1.4.0.tgz",
      "integrity": "sha512-lyuxPGr/Wfhrlem2CL/UcnUc1zcqKAImBDzukY7Y5F/yQiNdko6+fRLevlw1HgMySw7f611UIY408EtxRSoK3Q==",
      "peer": true,
      "requires": {
        "js-tokens": "^3.0.0 || ^4.0.0"
      }
    },
    "react": {
      "version": "18.2.0",
      "resolved": "https://registry.npmjs.org/react/-/react-18.2.0.tgz",
      "integrity": "sha512-/3IjMdb2L9QbBdWiW5e3P2/npwMBaU9mHCSCUzNln0ZCYbcfTsGbTJrU/kGemdH2IWmB2ioZ+zkxtmq6g09fGQ==",
      "peer": true,
      "requires": {
        "loose-envify": "^1.1.0"
      }
    },
    "react-dom": {
      "version": "18.2.0",
      "resolved": "https://registry.npmjs.org/react-dom/-/react-dom-18.2.0.tgz",
      "integrity": "sha512-6IMTriUmvsjHUjNtEDudZfuDQUoWXVxKHhlEGSk81n4YFS+r/Kl99wXiwlVXtPBtJenozv2P+hxDsw9eA7Xo6g==",
      "peer": true,
      "requires": {
        "loose-envify": "^1.1.0",
        "scheduler": "^0.23.0"
      }
    },
    "react-horizontal-scrolling-menu": {
      "version": "3.2.0",
      "resolved": "https://registry.npmjs.org/react-horizontal-scrolling-menu/-/react-horizontal-scrolling-menu-3.2.0.tgz",
      "integrity": "sha512-6kmUPdTDXJKYlhfS5K1tAop6P1LJTSL493cUZBKHjOWsnmg3/KLPI/7Pr3b/LpiNFCUjTAPRl2JOunagGzwOjQ==",
      "requires": {
        "smooth-scroll-into-view-if-needed": "^1.1.32"
      }
    },
    "react-icons": {
      "version": "4.4.0",
      "resolved": "https://registry.npmjs.org/react-icons/-/react-icons-4.4.0.tgz",
      "integrity": "sha512-fSbvHeVYo/B5/L4VhB7sBA1i2tS8MkT0Hb9t2H1AVPkwGfVHLJCqyr2Py9dKMxsyM63Eng1GkdZfbWj+Fmv8Rg==",
      "requires": {}
    },
    "react-router": {
      "version": "6.4.0",
      "resolved": "https://registry.npmjs.org/react-router/-/react-router-6.4.0.tgz",
      "integrity": "sha512-B+5bEXFlgR1XUdHYR6P94g299SjrfCBMmEDJNcFbpAyRH1j1748yt9NdDhW3++nw1lk3zQJ6aOO66zUx3KlTZg==",
      "requires": {
        "@remix-run/router": "1.0.0"
      }
    },
    "react-router-dom": {
      "version": "6.4.0",
      "resolved": "https://registry.npmjs.org/react-router-dom/-/react-router-dom-6.4.0.tgz",
      "integrity": "sha512-4Aw1xmXKeleYYQ3x0Lcl2undHR6yMjXZjd9DKZd53SGOYqirrUThyUb0wwAX5VZAyvSuzjNJmZlJ3rR9+/vzqg==",
      "requires": {
        "react-router": "6.4.0"
      }
    },
    "scheduler": {
      "version": "0.23.0",
      "resolved": "https://registry.npmjs.org/scheduler/-/scheduler-0.23.0.tgz",
      "integrity": "sha512-CtuThmgHNg7zIZWAXi3AsyIzA3n4xx7aNyjwC2VJldO2LMVDhFK+63xGqq6CsJH4rTAt6/M+N4GhZiDYPx9eUw==",
      "peer": true,
      "requires": {
        "loose-envify": "^1.1.0"
      }
    },
    "scroll-into-view-if-needed": {
      "version": "2.2.29",
      "resolved": "https://registry.npmjs.org/scroll-into-view-if-needed/-/scroll-into-view-if-needed-2.2.29.tgz",
      "integrity": "sha512-hxpAR6AN+Gh53AdAimHM6C8oTN1ppwVZITihix+WqalywBeFcQ6LdQP5ABNl26nX8GTEL7VT+b8lKpdqq65wXg==",
      "requires": {
        "compute-scroll-into-view": "^1.0.17"
      }
    },
    "smooth-scroll-into-view-if-needed": {
      "version": "1.1.33",
      "resolved": "https://registry.npmjs.org/smooth-scroll-into-view-if-needed/-/smooth-scroll-into-view-if-needed-1.1.33.tgz",
      "integrity": "sha512-crS8NfAaoPrtVYOCMSAnO2vHRgUp22NiiDgEQ7YiaAy5xe2jmR19Jm+QdL8+97gO8ENd7PUyQIAQojJyIiyRHw==",
      "requires": {
        "scroll-into-view-if-needed": "^2.2.28"
      }
    }
  }
}
